
Microsoft Visual Studio Solution File, Format Version 12.00
# Visual Studio Version 17
VisualStudioVersion = 17.9.34902.65
MinimumVisualStudioVersion = 10.0.40219.1
Project("{FAE04EC0-301F-11D3-BF4B-00C04F79EFBC}") = "DefaultClassLibrary", "DefaultClassLibrary.csproj", "{4A39CD42-8A36-46B8-91BD-E73EB45B385F}"
EndProject
Global
	GlobalSection(SolutionConfigurationPlatforms) = preSolution
		Debug|Any CPU = Debug|Any CPU
		Release|Any CPU = Release|Any CPU
	EndGlobalSection
	GlobalSection(ProjectConfigurationPlatforms) = postSolution
		{4A39CD42-8A36-46B8-91BD-E73EB45B385F}.Debug|Any CPU.ActiveCfg = Debug|Any CPU
		{4A39CD42-8A36-46B8-91BD-E73EB45B385F}.Debug|Any CPU.Build.0 = Debug|Any CPU
		{4A39CD42-8A36-46B8-91BD-E73EB45B385F}.Release|Any CPU.ActiveCfg = Release|Any CPU
		{4A39CD42-8A36-46B8-91BD-E73EB45B385F}.Release|Any CPU.Build.0 = Release|Any CPU
	EndGlobalSection
	GlobalSection(SolutionProperties) = preSolution
		HideSolutionNode = FALSE
	EndGlobalSection
	GlobalSection(ExtensibilityGlobals) = postSolution
		SolutionGuid = {5DE048A6-CC59-4A75-B218-A9A885859BEB}
	EndGlobalSection
EndGlobal
